// !$*UTF8*$!
{
	archiveVersion = 1;
	classes = {
	};
	objectVersion = 56;
	objects = {

/* Begin PBXBuildFile section */
		7E3AB3F22C11DCAC00C57EF7 /* VibesTunesApp.swift in Sources */ = {isa = PBXBuildFile; fileRef = 7E3AB3F12C11DCAC00C57EF7 /* VibesTunesApp.swift */; };
		7E3AB3F92C11DCAE00C57EF7 /* Assets.xcassets in Resources */ = {isa = PBXBuildFile; fileRef = 7E3AB3F82C11DCAE00C57EF7 /* Assets.xcassets */; };
		7E3AB3FC2C11DCAE00C57EF7 /* LaunchScreen.storyboard in Resources */ = {isa = PBXBuildFile; fileRef = 7E3AB3FA2C11DCAE00C57EF7 /* LaunchScreen.storyboard */; };
		7E3AB4072C11DCAE00C57EF7 /* VibesTunesTests.swift in Sources */ = {isa = PBXBuildFile; fileRef = 7E3AB4062C11DCAE00C57EF7 /* VibesTunesTests.swift */; };
		7E3AB4272C11F38A00C57EF7 /* NetworkManager.swift in Sources */ = {isa = PBXBuildFile; fileRef = 7E3AB4262C11F38A00C57EF7 /* NetworkManager.swift */; };
		7E7559262C24DB2600EFEF36 /* FeelingsButtonsView.swift in Sources */ = {isa = PBXBuildFile; fileRef = 7E7559252C24DB2600EFEF36 /* FeelingsButtonsView.swift */; };
		7ED117FF2C137D55000F0C55 /* FeelingsView.swift in Sources */ = {isa = PBXBuildFile; fileRef = 7ED117FE2C137D55000F0C55 /* FeelingsView.swift */; };
		7ED118012C138E57000F0C55 /* APIError.swift in Sources */ = {isa = PBXBuildFile; fileRef = 7ED118002C138E57000F0C55 /* APIError.swift */; };
		7ED118072C13F0D7000F0C55 /* SongViewCell.swift in Sources */ = {isa = PBXBuildFile; fileRef = 7ED118062C13F0D6000F0C55 /* SongViewCell.swift */; };
		7ED118092C13F229000F0C55 /* SongViewCellViewModel.swift in Sources */ = {isa = PBXBuildFile; fileRef = 7ED118082C13F229000F0C55 /* SongViewCellViewModel.swift */; };
		7ED1180C2C13FC87000F0C55 /* SongsModel.swift in Sources */ = {isa = PBXBuildFile; fileRef = 7ED1180B2C13FC87000F0C55 /* SongsModel.swift */; };
		7EF928492C12A2CC007793AD /* Songs.swift in Sources */ = {isa = PBXBuildFile; fileRef = 7EF928482C12A2CC007793AD /* Songs.swift */; };
/* End PBXBuildFile section */

/* Begin PBXContainerItemProxy section */
		7E3AB4032C11DCAE00C57EF7 /* PBXContainerItemProxy */ = {
			isa = PBXContainerItemProxy;
			containerPortal = 7E3AB3E42C11DCAC00C57EF7 /* Project object */;
			proxyType = 1;
			remoteGlobalIDString = 7E3AB3EB2C11DCAC00C57EF7;
			remoteInfo = VibesTunes;
		};
/* End PBXContainerItemProxy section */

/* Begin PBXFileReference section */
		7E3AB3EC2C11DCAC00C57EF7 /* VibesTunes.app */ = {isa = PBXFileReference; explicitFileType = wrapper.application; includeInIndex = 0; path = VibesTunes.app; sourceTree = BUILT_PRODUCTS_DIR; };
		7E3AB3F12C11DCAC00C57EF7 /* VibesTunesApp.swift */ = {isa = PBXFileReference; lastKnownFileType = sourcecode.swift; path = VibesTunesApp.swift; sourceTree = "<group>"; };
		7E3AB3F82C11DCAE00C57EF7 /* Assets.xcassets */ = {isa = PBXFileReference; lastKnownFileType = folder.assetcatalog; path = Assets.xcassets; sourceTree = "<group>"; };
		7E3AB3FB2C11DCAE00C57EF7 /* Base */ = {isa = PBXFileReference; lastKnownFileType = file.storyboard; name = Base; path = Base.lproj/LaunchScreen.storyboard; sourceTree = "<group>"; };
		7E3AB3FD2C11DCAE00C57EF7 /* Info.plist */ = {isa = PBXFileReference; lastKnownFileType = text.plist.xml; path = Info.plist; sourceTree = "<group>"; };
		7E3AB4022C11DCAE00C57EF7 /* VibesTunesTests.xctest */ = {isa = PBXFileReference; explicitFileType = wrapper.cfbundle; includeInIndex = 0; path = VibesTunesTests.xctest; sourceTree = BUILT_PRODUCTS_DIR; };
		7E3AB4062C11DCAE00C57EF7 /* VibesTunesTests.swift */ = {isa = PBXFileReference; lastKnownFileType = sourcecode.swift; path = VibesTunesTests.swift; sourceTree = "<group>"; };
		7E3AB4262C11F38A00C57EF7 /* NetworkManager.swift */ = {isa = PBXFileReference; lastKnownFileType = sourcecode.swift; path = NetworkManager.swift; sourceTree = "<group>"; };
		7E7559252C24DB2600EFEF36 /* FeelingsButtonsView.swift */ = {isa = PBXFileReference; lastKnownFileType = sourcecode.swift; path = FeelingsButtonsView.swift; sourceTree = "<group>"; };
		7ED117FE2C137D55000F0C55 /* FeelingsView.swift */ = {isa = PBXFileReference; lastKnownFileType = sourcecode.swift; path = FeelingsView.swift; sourceTree = "<group>"; };
		7ED118002C138E57000F0C55 /* APIError.swift */ = {isa = PBXFileReference; lastKnownFileType = sourcecode.swift; path = APIError.swift; sourceTree = "<group>"; };
		7ED118062C13F0D6000F0C55 /* SongViewCell.swift */ = {isa = PBXFileReference; lastKnownFileType = sourcecode.swift; path = SongViewCell.swift; sourceTree = "<group>"; };
		7ED118082C13F229000F0C55 /* SongViewCellViewModel.swift */ = {isa = PBXFileReference; lastKnownFileType = sourcecode.swift; path = SongViewCellViewModel.swift; sourceTree = "<group>"; };
		7ED1180B2C13FC87000F0C55 /* SongsModel.swift */ = {isa = PBXFileReference; lastKnownFileType = sourcecode.swift; path = SongsModel.swift; sourceTree = "<group>"; };
		7ED3BCE22C17D0F300D803D4 /* README.md */ = {isa = PBXFileReference; lastKnownFileType = net.daringfireball.markdown; path = README.md; sourceTree = "<group>"; };
		7EF928482C12A2CC007793AD /* Songs.swift */ = {isa = PBXFileReference; lastKnownFileType = sourcecode.swift; path = Songs.swift; sourceTree = "<group>"; };
/* End PBXFileReference section */

/* Begin PBXFrameworksBuildPhase section */
		7E3AB3E92C11DCAC00C57EF7 /* Frameworks */ = {
			isa = PBXFrameworksBuildPhase;
			buildActionMask = 2147483647;
			files = (
			);
			runOnlyForDeploymentPostprocessing = 0;
		};
		7E3AB3FF2C11DCAE00C57EF7 /* Frameworks */ = {
			isa = PBXFrameworksBuildPhase;
			buildActionMask = 2147483647;
			files = (
			);
			runOnlyForDeploymentPostprocessing = 0;
		};
/* End PBXFrameworksBuildPhase section */

/* Begin PBXGroup section */
		7E3AB3E32C11DCAC00C57EF7 = {
			isa = PBXGroup;
			children = (
				7ED3BCE22C17D0F300D803D4 /* README.md */,
				7E3AB3EE2C11DCAC00C57EF7 /* VibesTunes */,
				7E3AB4052C11DCAE00C57EF7 /* VibesTunesTests */,
				7E3AB3ED2C11DCAC00C57EF7 /* Products */,
			);
			sourceTree = "<group>";
		};
		7E3AB3ED2C11DCAC00C57EF7 /* Products */ = {
			isa = PBXGroup;
			children = (
				7E3AB3EC2C11DCAC00C57EF7 /* VibesTunes.app */,
				7E3AB4022C11DCAE00C57EF7 /* VibesTunesTests.xctest */,
			);
			name = Products;
			sourceTree = "<group>";
		};
		7E3AB3EE2C11DCAC00C57EF7 /* VibesTunes */ = {
			isa = PBXGroup;
			children = (
				7EF928472C12A2A9007793AD /* Model */,
				7E3AB3F12C11DCAC00C57EF7 /* VibesTunesApp.swift */,
				7E3AB4252C11F36700C57EF7 /* NetworkManager */,
				7E3AB4212C11DFAE00C57EF7 /* Scenes */,
				7E3AB4202C11DF4B00C57EF7 /* Resources */,
			);
			path = VibesTunes;
			sourceTree = "<group>";
		};
		7E3AB4052C11DCAE00C57EF7 /* VibesTunesTests */ = {
			isa = PBXGroup;
			children = (
				7E3AB4062C11DCAE00C57EF7 /* VibesTunesTests.swift */,
			);
			path = VibesTunesTests;
			sourceTree = "<group>";
		};
		7E3AB4202C11DF4B00C57EF7 /* Resources */ = {
			isa = PBXGroup;
			children = (
				7E3AB3F82C11DCAE00C57EF7 /* Assets.xcassets */,
				7E3AB3FA2C11DCAE00C57EF7 /* LaunchScreen.storyboard */,
				7E3AB3FD2C11DCAE00C57EF7 /* Info.plist */,
			);
			path = Resources;
			sourceTree = "<group>";
		};
		7E3AB4212C11DFAE00C57EF7 /* Scenes */ = {
			isa = PBXGroup;
			children = (
				7ED118022C13B2A0000F0C55 /* Songs */,
				7E3AB4222C11E49800C57EF7 /* Feelings */,
			);
			path = Scenes;
			sourceTree = "<group>";
		};
		7E3AB4222C11E49800C57EF7 /* Feelings */ = {
			isa = PBXGroup;
			children = (
				7ED117FD2C137D4F000F0C55 /* View */,
			);
			path = Feelings;
			sourceTree = "<group>";
		};
		7E3AB4252C11F36700C57EF7 /* NetworkManager */ = {
			isa = PBXGroup;
			children = (
				7E3AB4262C11F38A00C57EF7 /* NetworkManager.swift */,
			);
			path = NetworkManager;
			sourceTree = "<group>";
		};
		7ED117FD2C137D4F000F0C55 /* View */ = {
			isa = PBXGroup;
			children = (
				7ED117FE2C137D55000F0C55 /* FeelingsView.swift */,
				7E7559252C24DB2600EFEF36 /* FeelingsButtonsView.swift */,
			);
			path = View;
			sourceTree = "<group>";
		};
		7ED118022C13B2A0000F0C55 /* Songs */ = {
			isa = PBXGroup;
			children = (
				7ED1180A2C13FC80000F0C55 /* Model */,
				7ED118052C13F0C8000F0C55 /* View */,
			);
			path = Songs;
			sourceTree = "<group>";
		};
		7ED118052C13F0C8000F0C55 /* View */ = {
			isa = PBXGroup;
			children = (
				7ED118062C13F0D6000F0C55 /* SongViewCell.swift */,
				7ED118082C13F229000F0C55 /* SongViewCellViewModel.swift */,
			);
			path = View;
			sourceTree = "<group>";
		};
		7ED1180A2C13FC80000F0C55 /* Model */ = {
			isa = PBXGroup;
			children = (
				7ED1180B2C13FC87000F0C55 /* SongsModel.swift */,
			);
			path = Model;
			sourceTree = "<group>";
		};
		7EF928472C12A2A9007793AD /* Model */ = {
			isa = PBXGroup;
			children = (
				7EF928482C12A2CC007793AD /* Songs.swift */,
				7ED118002C138E57000F0C55 /* APIError.swift */,
			);
			path = Model;
			sourceTree = "<group>";
		};
/* End PBXGroup section */

/* Begin PBXNativeTarget section */
		7E3AB3EB2C11DCAC00C57EF7 /* VibesTunes */ = {
			isa = PBXNativeTarget;
			buildConfigurationList = 7E3AB4162C11DCAE00C57EF7 /* Build configuration list for PBXNativeTarget "VibesTunes" */;
			buildPhases = (
				7E3AB3E82C11DCAC00C57EF7 /* Sources */,
				7E3AB3E92C11DCAC00C57EF7 /* Frameworks */,
				7E3AB3EA2C11DCAC00C57EF7 /* Resources */,
			);
			buildRules = (
			);
			dependencies = (
			);
			name = VibesTunes;
			productName = VibesTunes;
			productReference = 7E3AB3EC2C11DCAC00C57EF7 /* VibesTunes.app */;
			productType = "com.apple.product-type.application";
		};
		7E3AB4012C11DCAE00C57EF7 /* VibesTunesTests */ = {
			isa = PBXNativeTarget;
			buildConfigurationList = 7E3AB4192C11DCAE00C57EF7 /* Build configuration list for PBXNativeTarget "VibesTunesTests" */;
			buildPhases = (
				7E3AB3FE2C11DCAE00C57EF7 /* Sources */,
				7E3AB3FF2C11DCAE00C57EF7 /* Frameworks */,
				7E3AB4002C11DCAE00C57EF7 /* Resources */,
			);
			buildRules = (
			);
			dependencies = (
				7E3AB4042C11DCAE00C57EF7 /* PBXTargetDependency */,
			);
			name = VibesTunesTests;
			productName = VibesTunesTests;
			productReference = 7E3AB4022C11DCAE00C57EF7 /* VibesTunesTests.xctest */;
			productType = "com.apple.product-type.bundle.unit-test";
		};
/* End PBXNativeTarget section */

/* Begin PBXProject section */
		7E3AB3E42C11DCAC00C57EF7 /* Project object */ = {
			isa = PBXProject;
			attributes = {
				BuildIndependentTargetsInParallel = 1;
				LastSwiftUpdateCheck = 1520;
				LastUpgradeCheck = 1520;
				TargetAttributes = {
					7E3AB3EB2C11DCAC00C57EF7 = {
						CreatedOnToolsVersion = 15.2;
					};
					7E3AB4012C11DCAE00C57EF7 = {
						CreatedOnToolsVersion = 15.2;
						TestTargetID = 7E3AB3EB2C11DCAC00C57EF7;
					};
				};
			};
			buildConfigurationList = 7E3AB3E72C11DCAC00C57EF7 /* Build configuration list for PBXProject "VibesTunes" */;
			compatibilityVersion = "Xcode 14.0";
			developmentRegion = en;
			hasScannedForEncodings = 0;
			knownRegions = (
				en,
				Base,
			);
			mainGroup = 7E3AB3E32C11DCAC00C57EF7;
			productRefGroup = 7E3AB3ED2C11DCAC00C57EF7 /* Products */;
			projectDirPath = "";
			projectRoot = "";
			targets = (
				7E3AB3EB2C11DCAC00C57EF7 /* VibesTunes */,
				7E3AB4012C11DCAE00C57EF7 /* VibesTunesTests */,
			);
		};
/* End PBXProject section */

/* Begin PBXResourcesBuildPhase section */
		7E3AB3EA2C11DCAC00C57EF7 /* Resources */ = {
			isa = PBXResourcesBuildPhase;
			buildActionMask = 2147483647;
			files = (
				7E3AB3FC2C11DCAE00C57EF7 /* LaunchScreen.storyboard in Resources */,
				7E3AB3F92C11DCAE00C57EF7 /* Assets.xcassets in Resources */,
			);
			runOnlyForDeploymentPostprocessing = 0;
		};
		7E3AB4002C11DCAE00C57EF7 /* Resources */ = {
			isa = PBXResourcesBuildPhase;
			buildActionMask = 2147483647;
			files = (
			);
			runOnlyForDeploymentPostprocessing = 0;
		};
/* End PBXResourcesBuildPhase section */

/* Begin PBXSourcesBuildPhase section */
		7E3AB3E82C11DCAC00C57EF7 /* Sources */ = {
			isa = PBXSourcesBuildPhase;
			buildActionMask = 2147483647;
			files = (
				7ED118092C13F229000F0C55 /* SongViewCellViewModel.swift in Sources */,
				7EF928492C12A2CC007793AD /* Songs.swift in Sources */,
				7ED1180C2C13FC87000F0C55 /* SongsModel.swift in Sources */,
				7E3AB4272C11F38A00C57EF7 /* NetworkManager.swift in Sources */,
				7ED117FF2C137D55000F0C55 /* FeelingsView.swift in Sources */,
				7E7559262C24DB2600EFEF36 /* FeelingsButtonsView.swift in Sources */,
				7ED118012C138E57000F0C55 /* APIError.swift in Sources */,
				7ED118072C13F0D7000F0C55 /* SongViewCell.swift in Sources */,
				7E3AB3F22C11DCAC00C57EF7 /* VibesTunesApp.swift in Sources */,
			);
			runOnlyForDeploymentPostprocessing = 0;
		};
		7E3AB3FE2C11DCAE00C57EF7 /* Sources */ = {
			isa = PBXSourcesBuildPhase;
			buildActionMask = 2147483647;
			files = (
				7E3AB4072C11DCAE00C57EF7 /* VibesTunesTests.swift in Sources */,
			);
			runOnlyForDeploymentPostprocessing = 0;
		};
/* End PBXSourcesBuildPhase section */

/* Begin PBXTargetDependency section */
		7E3AB4042C11DCAE00C57EF7 /* PBXTargetDependency */ = {
			isa = PBXTargetDependency;
			target = 7E3AB3EB2C11DCAC00C57EF7 /* VibesTunes */;
			targetProxy = 7E3AB4032C11DCAE00C57EF7 /* PBXContainerItemProxy */;
		};
/* End PBXTargetDependency section */

/* Begin PBXVariantGroup section */
		7E3AB3FA2C11DCAE00C57EF7 /* LaunchScreen.storyboard */ = {
			isa = PBXVariantGroup;
			children = (
				7E3AB3FB2C11DCAE00C57EF7 /* Base */,
			);
			name = LaunchScreen.storyboard;
			sourceTree = "<group>";
		};
/* End PBXVariantGroup section */

/* Begin XCBuildConfiguration section */
		7E3AB4142C11DCAE00C57EF7 /* Debug */ = {
			isa = XCBuildConfiguration;
			buildSettings = {
				ALWAYS_SEARCH_USER_PATHS = NO;
				ASSETCATALOG_COMPILER_GENERATE_SWIFT_ASSET_SYMBOL_EXTENSIONS = YES;
				CLANG_ANALYZER_NONNULL = YES;
				CLANG_ANALYZER_NUMBER_OBJECT_CONVERSION = YES_AGGRESSIVE;
				CLANG_CXX_LANGUAGE_STANDARD = "gnu++20";
				CLANG_ENABLE_MODULES = YES;
				CLANG_ENABLE_OBJC_ARC = YES;
				CLANG_ENABLE_OBJC_WEAK = YES;
				CLANG_WARN_BLOCK_CAPTURE_AUTORELEASING = YES;
				CLANG_WARN_BOOL_CONVERSION = YES;
				CLANG_WARN_COMMA = YES;
				CLANG_WARN_CONSTANT_CONVERSION = YES;
				CLANG_WARN_DEPRECATED_OBJC_IMPLEMENTATIONS = YES;
				CLANG_WARN_DIRECT_OBJC_ISA_USAGE = YES_ERROR;
				CLANG_WARN_DOCUMENTATION_COMMENTS = YES;
				CLANG_WARN_EMPTY_BODY = YES;
				CLANG_WARN_ENUM_CONVERSION = YES;
				CLANG_WARN_INFINITE_RECURSION = YES;
				CLANG_WARN_INT_CONVERSION = YES;
				CLANG_WARN_NON_LITERAL_NULL_CONVERSION = YES;
				CLANG_WARN_OBJC_IMPLICIT_RETAIN_SELF = YES;
				CLANG_WARN_OBJC_LITERAL_CONVERSION = YES;
				CLANG_WARN_OBJC_ROOT_CLASS = YES_ERROR;
				CLANG_WARN_QUOTED_INCLUDE_IN_FRAMEWORK_HEADER = YES;
				CLANG_WARN_RANGE_LOOP_ANALYSIS = YES;
				CLANG_WARN_STRICT_PROTOTYPES = YES;
				CLANG_WARN_SUSPICIOUS_MOVE = YES;
				CLANG_WARN_UNGUARDED_AVAILABILITY = YES_AGGRESSIVE;
				CLANG_WARN_UNREACHABLE_CODE = YES;
				CLANG_WARN__DUPLICATE_METHOD_MATCH = YES;
				COPY_PHASE_STRIP = NO;
				DEBUG_INFORMATION_FORMAT = dwarf;
				ENABLE_STRICT_OBJC_MSGSEND = YES;
				ENABLE_TESTABILITY = YES;
				ENABLE_USER_SCRIPT_SANDBOXING = YES;
				GCC_C_LANGUAGE_STANDARD = gnu17;
				GCC_DYNAMIC_NO_PIC = NO;
				GCC_NO_COMMON_BLOCKS = YES;
				GCC_OPTIMIZATION_LEVEL = 0;
				GCC_PREPROCESSOR_DEFINITIONS = (
					"DEBUG=1",
					"$(inherited)",
				);
				GCC_WARN_64_TO_32_BIT_CONVERSION = YES;
				GCC_WARN_ABOUT_RETURN_TYPE = YES_ERROR;
				GCC_WARN_UNDECLARED_SELECTOR = YES;
				GCC_WARN_UNINITIALIZED_AUTOS = YES_AGGRESSIVE;
				GCC_WARN_UNUSED_FUNCTION = YES;
				GCC_WARN_UNUSED_VARIABLE = YES;
				IPHONEOS_DEPLOYMENT_TARGET = 17.2;
				LOCALIZATION_PREFERS_STRING_CATALOGS = YES;
				MTL_ENABLE_DEBUG_INFO = INCLUDE_SOURCE;
				MTL_FAST_MATH = YES;
				ONLY_ACTIVE_ARCH = YES;
				SDKROOT = iphoneos;
				SWIFT_ACTIVE_COMPILATION_CONDITIONS = "DEBUG $(inherited)";
				SWIFT_OPTIMIZATION_LEVEL = "-Onone";
			};
			name = Debug;
		};
		7E3AB4152C11DCAE00C57EF7 /* Release */ = {
			isa = XCBuildConfiguration;
			buildSettings = {
				ALWAYS_SEARCH_USER_PATHS = NO;
				ASSETCATALOG_COMPILER_GENERATE_SWIFT_ASSET_SYMBOL_EXTENSIONS = YES;
				CLANG_ANALYZER_NONNULL = YES;
				CLANG_ANALYZER_NUMBER_OBJECT_CONVERSION = YES_AGGRESSIVE;
				CLANG_CXX_LANGUAGE_STANDARD = "gnu++20";
				CLANG_ENABLE_MODULES = YES;
				CLANG_ENABLE_OBJC_ARC = YES;
				CLANG_ENABLE_OBJC_WEAK = YES;
				CLANG_WARN_BLOCK_CAPTURE_AUTORELEASING = YES;
				CLANG_WARN_BOOL_CONVERSION = YES;
				CLANG_WARN_COMMA = YES;
				CLANG_WARN_CONSTANT_CONVERSION = YES;
				CLANG_WARN_DEPRECATED_OBJC_IMPLEMENTATIONS = YES;
				CLANG_WARN_DIRECT_OBJC_ISA_USAGE = YES_ERROR;
				CLANG_WARN_DOCUMENTATION_COMMENTS = YES;
				CLANG_WARN_EMPTY_BODY = YES;
				CLANG_WARN_ENUM_CONVERSION = YES;
				CLANG_WARN_INFINITE_RECURSION = YES;
				CLANG_WARN_INT_CONVERSION = YES;
				CLANG_WARN_NON_LITERAL_NULL_CONVERSION = YES;
				CLANG_WARN_OBJC_IMPLICIT_RETAIN_SELF = YES;
				CLANG_WARN_OBJC_LITERAL_CONVERSION = YES;
				CLANG_WARN_OBJC_ROOT_CLASS = YES_ERROR;
				CLANG_WARN_QUOTED_INCLUDE_IN_FRAMEWORK_HEADER = YES;
				CLANG_WARN_RANGE_LOOP_ANALYSIS = YES;
				CLANG_WARN_STRICT_PROTOTYPES = YES;
				CLANG_WARN_SUSPICIOUS_MOVE = YES;
				CLANG_WARN_UNGUARDED_AVAILABILITY = YES_AGGRESSIVE;
				CLANG_WARN_UNREACHABLE_CODE = YES;
				CLANG_WARN__DUPLICATE_METHOD_MATCH = YES;
				COPY_PHASE_STRIP = NO;
				DEBUG_INFORMATION_FORMAT = "dwarf-with-dsym";
				ENABLE_NS_ASSERTIONS = NO;
				ENABLE_STRICT_OBJC_MSGSEND = YES;
				ENABLE_USER_SCRIPT_SANDBOXING = YES;
				GCC_C_LANGUAGE_STANDARD = gnu17;
				GCC_NO_COMMON_BLOCKS = YES;
				GCC_WARN_64_TO_32_BIT_CONVERSION = YES;
				GCC_WARN_ABOUT_RETURN_TYPE = YES_ERROR;
				GCC_WARN_UNDECLARED_SELECTOR = YES;
				GCC_WARN_UNINITIALIZED_AUTOS = YES_AGGRESSIVE;
				GCC_WARN_UNUSED_FUNCTION = YES;
				GCC_WARN_UNUSED_VARIABLE = YES;
				IPHONEOS_DEPLOYMENT_TARGET = 17.2;
				LOCALIZATION_PREFERS_STRING_CATALOGS = YES;
				MTL_ENABLE_DEBUG_INFO = NO;
				MTL_FAST_MATH = YES;
				SDKROOT = iphoneos;
				SWIFT_COMPILATION_MODE = wholemodule;
				VALIDATE_PRODUCT = YES;
			};
			name = Release;
		};
		7E3AB4172C11DCAE00C57EF7 /* Debug */ = {
			isa = XCBuildConfiguration;
			buildSettings = {
				ASSETCATALOG_COMPILER_APPICON_NAME = AppIcon;
				ASSETCATALOG_COMPILER_GLOBAL_ACCENT_COLOR_NAME = AccentColor;
				CODE_SIGN_STYLE = Automatic;
				CURRENT_PROJECT_VERSION = 1;
				DEVELOPMENT_TEAM = QXX4852TTD;
				GENERATE_INFOPLIST_FILE = YES;
				INFOPLIST_FILE = VibesTunes/Resources/Info.plist;
				INFOPLIST_KEY_UIApplicationSupportsIndirectInputEvents = YES;
				INFOPLIST_KEY_UILaunchStoryboardName = LaunchScreen;
				INFOPLIST_KEY_UIMainStoryboardFile = "";
				INFOPLIST_KEY_UISupportedInterfaceOrientations_iPad = "UIInterfaceOrientationPortrait UIInterfaceOrientationPortraitUpsideDown UIInterfaceOrientationLandscapeLeft UIInterfaceOrientationLandscapeRight";
				INFOPLIST_KEY_UISupportedInterfaceOrientations_iPhone = "UIInterfaceOrientationPortrait UIInterfaceOrientationLandscapeLeft UIInterfaceOrientationLandscapeRight";
				LD_RUNPATH_SEARCH_PATHS = (
					"$(inherited)",
					"@executable_path/Frameworks",
				);
				MARKETING_VERSION = 1.0;
				PRODUCT_BUNDLE_IDENTIFIER = brunosilva.VibesTunes;
				PRODUCT_NAME = "$(TARGET_NAME)";
				SUPPORTED_PLATFORMS = "iphoneos iphonesimulator";
				SUPPORTS_MACCATALYST = NO;
				SUPPORTS_MAC_DESIGNED_FOR_IPHONE_IPAD = NO;
				SUPPORTS_XR_DESIGNED_FOR_IPHONE_IPAD = NO;
				SWIFT_EMIT_LOC_STRINGS = YES;
				SWIFT_VERSION = 5.0;
				TARGETED_DEVICE_FAMILY = 1;
			};
			name = Debug;
		};
		7E3AB4182C11DCAE00C57EF7 /* Release */ = {
			isa = XCBuildConfiguration;
			buildSettings = {
				ASSETCATALOG_COMPILER_APPICON_NAME = AppIcon;
				ASSETCATALOG_COMPILER_GLOBAL_ACCENT_COLOR_NAME = AccentColor;
				CODE_SIGN_STYLE = Automatic;
				CURRENT_PROJECT_VERSION = 1;
				DEVELOPMENT_TEAM = QXX4852TTD;
				GENERATE_INFOPLIST_FILE = YES;
				INFOPLIST_FILE = VibesTunes/Resources/Info.plist;
				INFOPLIST_KEY_UIApplicationSupportsIndirectInputEvents = YES;
				INFOPLIST_KEY_UILaunchStoryboardName = LaunchScreen;
				INFOPLIST_KEY_UIMainStoryboardFile = "";
				INFOPLIST_KEY_UISupportedInterfaceOrientations_iPad = "UIInterfaceOrientationPortrait UIInterfaceOrientationPortraitUpsideDown UIInterfaceOrientationLandscapeLeft UIInterfaceOrientationLandscapeRight";
				INFOPLIST_KEY_UISupportedInterfaceOrientations_iPhone = "UIInterfaceOrientationPortrait UIInterfaceOrientationLandscapeLeft UIInterfaceOrientationLandscapeRight";
				LD_RUNPATH_SEARCH_PATHS = (
					"$(inherited)",
					"@executable_path/Frameworks",
				);
				MARKETING_VERSION = 1.0;
				PRODUCT_BUNDLE_IDENTIFIER = brunosilva.VibesTunes;
				PRODUCT_NAME = "$(TARGET_NAME)";
				SUPPORTED_PLATFORMS = "iphoneos iphonesimulator";
				SUPPORTS_MACCATALYST = NO;
				SUPPORTS_MAC_DESIGNED_FOR_IPHONE_IPAD = NO;
				SUPPORTS_XR_DESIGNED_FOR_IPHONE_IPAD = NO;
				SWIFT_EMIT_LOC_STRINGS = YES;
				SWIFT_VERSION = 5.0;
				TARGETED_DEVICE_FAMILY = 1;
			};
			name = Release;
		};
		7E3AB41A2C11DCAE00C57EF7 /* Debug */ = {
			isa = XCBuildConfiguration;
			buildSettings = {
				ALWAYS_EMBED_SWIFT_STANDARD_LIBRARIES = YES;
				BUNDLE_LOADER = "$(TEST_HOST)";
				CODE_SIGN_STYLE = Automatic;
				CURRENT_PROJECT_VERSION = 1;
				DEVELOPMENT_TEAM = QXX4852TTD;
				GENERATE_INFOPLIST_FILE = YES;
				IPHONEOS_DEPLOYMENT_TARGET = 17.2;
				MARKETING_VERSION = 1.0;
				PRODUCT_BUNDLE_IDENTIFIER = brunosilva.VibesTunesTests;
				PRODUCT_NAME = "$(TARGET_NAME)";
				SUPPORTED_PLATFORMS = "iphoneos iphonesimulator";
				SUPPORTS_MACCATALYST = NO;
				SUPPORTS_MAC_DESIGNED_FOR_IPHONE_IPAD = NO;
				SUPPORTS_XR_DESIGNED_FOR_IPHONE_IPAD = NO;
				SWIFT_EMIT_LOC_STRINGS = NO;
				SWIFT_VERSION = 5.0;
				TARGETED_DEVICE_FAMILY = 1;
				TEST_HOST = "$(BUILT_PRODUCTS_DIR)/VibesTunes.app/$(BUNDLE_EXECUTABLE_FOLDER_PATH)/VibesTunes";
			};
			name = Debug;
		};
		7E3AB41B2C11DCAE00C57EF7 /* Release */ = {
			isa = XCBuildConfiguration;
			buildSettings = {
				ALWAYS_EMBED_SWIFT_STANDARD_LIBRARIES = YES;
				BUNDLE_LOADER = "$(TEST_HOST)";
				CODE_SIGN_STYLE = Automatic;
				CURRENT_PROJECT_VERSION = 1;
				DEVELOPMENT_TEAM = QXX4852TTD;
				GENERATE_INFOPLIST_FILE = YES;
				IPHONEOS_DEPLOYMENT_TARGET = 17.2;
				MARKETING_VERSION = 1.0;
				PRODUCT_BUNDLE_IDENTIFIER = brunosilva.VibesTunesTests;
				PRODUCT_NAME = "$(TARGET_NAME)";
				SUPPORTED_PLATFORMS = "iphoneos iphonesimulator";
				SUPPORTS_MACCATALYST = NO;
				SUPPORTS_MAC_DESIGNED_FOR_IPHONE_IPAD = NO;
				SUPPORTS_XR_DESIGNED_FOR_IPHONE_IPAD = NO;
				SWIFT_EMIT_LOC_STRINGS = NO;
				SWIFT_VERSION = 5.0;
				TARGETED_DEVICE_FAMILY = 1;
				TEST_HOST = "$(BUILT_PRODUCTS_DIR)/VibesTunes.app/$(BUNDLE_EXECUTABLE_FOLDER_PATH)/VibesTunes";
			};
			name = Release;
		};
/* End XCBuildConfiguration section */

/* Begin XCConfigurationList section */
		7E3AB3E72C11DCAC00C57EF7 /* Build configuration list for PBXProject "VibesTunes" */ = {
			isa = XCConfigurationList;
			buildConfigurations = (
				7E3AB4142C11DCAE00C57EF7 /* Debug */,
				7E3AB4152C11DCAE00C57EF7 /* Release */,
			);
			defaultConfigurationIsVisible = 0;
			defaultConfigurationName = Release;
		};
		7E3AB4162C11DCAE00C57EF7 /* Build configuration list for PBXNativeTarget "VibesTunes" */ = {
			isa = XCConfigurationList;
			buildConfigurations = (
				7E3AB4172C11DCAE00C57EF7 /* Debug */,
				7E3AB4182C11DCAE00C57EF7 /* Release */,
			);
			defaultConfigurationIsVisible = 0;
			defaultConfigurationName = Release;
		};
		7E3AB4192C11DCAE00C57EF7 /* Build configuration list for PBXNativeTarget "VibesTunesTests" */ = {
			isa = XCConfigurationList;
			buildConfigurations = (
				7E3AB41A2C11DCAE00C57EF7 /* Debug */,
				7E3AB41B2C11DCAE00C57EF7 /* Release */,
			);
			defaultConfigurationIsVisible = 0;
			defaultConfigurationName = Release;
		};
/* End XCConfigurationList section */
	};
	rootObject = 7E3AB3E42C11DCAC00C57EF7 /* Project object */;
}
